{
  "name": "svg-identicon",
  "version": "1.0.0",
  "lockfileVersion": 1,
  "requires": true,
  "dependencies": {
    "xmlbuilder": {
      "version": "13.0.2",
      "resolved": "http://npm.paypal.com/artifactory/api/npm/npm-all/xmlbuilder/-/xmlbuilder-13.0.2.tgz",
      "integrity": "sha1-Aq4zYUtqBH0cMrU4nB/ayyvOR6c="
    }
  }
}
